
Microsoft Visual Studio Solution File, Format Version 12.00
# Visual Studio Version 16
VisualStudioVersion = 16.0.29020.237
MinimumVisualStudioVersion = 10.0.40219.1
Project("{FAE04EC0-301F-11D3-BF4B-00C04F79EFBC}") = "NoteBunny.BLL", "NoteBunny.BLL\NoteBunny.BLL.csproj", "{E7BE7919-C885-4234-924E-2DB7161A8402}"
EndProject
Project("{FAE04EC0-301F-11D3-BF4B-00C04F79EFBC}") = "NoteBunny.DAL.Xml", "NoteBunny.DAL.Xml\NoteBunny.DAL.Xml.csproj", "{A8FB11E2-F5B5-4981-8A50-23BD4CEA025C}"
EndProject
Project("{FAE04EC0-301F-11D3-BF4B-00C04F79EFBC}") = "NoteBunny.ConsoleTest", "NoteBunny.ConsoleTest\NoteBunny.ConsoleTest.csproj", "{09B7C544-E493-482A-9E2A-C9BA8B055986}"
EndProject
Project("{FAE04EC0-301F-11D3-BF4B-00C04F79EFBC}") = "NoteBunny.FrontEnd.Wpf", "NoteBunny.FrontEnd.Wpf\NoteBunny.FrontEnd.Wpf.csproj", "{8E8C23A1-0EBF-4EF3-B3A5-F32D8482630C}"
EndProject
Project("{FAE04EC0-301F-11D3-BF4B-00C04F79EFBC}") = "NoteBunny.DAL.Json", "NoteBunny.DAL.Json\NoteBunny.DAL.Json.csproj", "{340EA75F-4F45-4E11-A99F-BBF2A8AB6571}"
EndProject
Global
	GlobalSection(SolutionConfigurationPlatforms) = preSolution
		Debug|Any CPU = Debug|Any CPU
		Release|Any CPU = Release|Any CPU
	EndGlobalSection
	GlobalSection(ProjectConfigurationPlatforms) = postSolution
		{E7BE7919-C885-4234-924E-2DB7161A8402}.Debug|Any CPU.ActiveCfg = Debug|Any CPU
		{E7BE7919-C885-4234-924E-2DB7161A8402}.Debug|Any CPU.Build.0 = Debug|Any CPU
		{E7BE7919-C885-4234-924E-2DB7161A8402}.Release|Any CPU.ActiveCfg = Release|Any CPU
		{E7BE7919-C885-4234-924E-2DB7161A8402}.Release|Any CPU.Build.0 = Release|Any CPU
		{A8FB11E2-F5B5-4981-8A50-23BD4CEA025C}.Debug|Any CPU.ActiveCfg = Debug|Any CPU
		{A8FB11E2-F5B5-4981-8A50-23BD4CEA025C}.Debug|Any CPU.Build.0 = Debug|Any CPU
		{A8FB11E2-F5B5-4981-8A50-23BD4CEA025C}.Release|Any CPU.ActiveCfg = Release|Any CPU
		{A8FB11E2-F5B5-4981-8A50-23BD4CEA025C}.Release|Any CPU.Build.0 = Release|Any CPU
		{09B7C544-E493-482A-9E2A-C9BA8B055986}.Debug|Any CPU.ActiveCfg = Debug|Any CPU
		{09B7C544-E493-482A-9E2A-C9BA8B055986}.Debug|Any CPU.Build.0 = Debug|Any CPU
		{09B7C544-E493-482A-9E2A-C9BA8B055986}.Release|Any CPU.ActiveCfg = Release|Any CPU
		{09B7C544-E493-482A-9E2A-C9BA8B055986}.Release|Any CPU.Build.0 = Release|Any CPU
		{8E8C23A1-0EBF-4EF3-B3A5-F32D8482630C}.Debug|Any CPU.ActiveCfg = Debug|Any CPU
		{8E8C23A1-0EBF-4EF3-B3A5-F32D8482630C}.Debug|Any CPU.Build.0 = Debug|Any CPU
		{8E8C23A1-0EBF-4EF3-B3A5-F32D8482630C}.Release|Any CPU.ActiveCfg = Release|Any CPU
		{8E8C23A1-0EBF-4EF3-B3A5-F32D8482630C}.Release|Any CPU.Build.0 = Release|Any CPU
		{340EA75F-4F45-4E11-A99F-BBF2A8AB6571}.Debug|Any CPU.ActiveCfg = Debug|Any CPU
		{340EA75F-4F45-4E11-A99F-BBF2A8AB6571}.Debug|Any CPU.Build.0 = Debug|Any CPU
		{340EA75F-4F45-4E11-A99F-BBF2A8AB6571}.Release|Any CPU.ActiveCfg = Release|Any CPU
		{340EA75F-4F45-4E11-A99F-BBF2A8AB6571}.Release|Any CPU.Build.0 = Release|Any CPU
	EndGlobalSection
	GlobalSection(SolutionProperties) = preSolution
		HideSolutionNode = FALSE
	EndGlobalSection
	GlobalSection(ExtensibilityGlobals) = postSolution
		SolutionGuid = {663211C9-FCB8-4122-9FD1-74A360B865D2}
	EndGlobalSection
EndGlobal
