
Microsoft Visual Studio Solution File, Format Version 12.00
# Visual Studio Version 17
VisualStudioVersion = 17.2.32526.322
MinimumVisualStudioVersion = 10.0.40219.1
Project("{FAE04EC0-301F-11D3-BF4B-00C04F79EFBC}") = "NoteBunny.BLL", "NoteBunny.BLL\NoteBunny.BLL.csproj", "{E7BE7919-C885-4234-924E-2DB7161A8402}"
EndProject
Project("{FAE04EC0-301F-11D3-BF4B-00C04F79EFBC}") = "NoteBunny.DAL.Xml", "NoteBunny.DAL.Xml\NoteBunny.DAL.Xml.csproj", "{A8FB11E2-F5B5-4981-8A50-23BD4CEA025C}"
EndProject
Project("{FAE04EC0-301F-11D3-BF4B-00C04F79EFBC}") = "NoteBunny.ConsoleTest", "NoteBunny.ConsoleTest\NoteBunny.ConsoleTest.csproj", "{09B7C544-E493-482A-9E2A-C9BA8B055986}"
EndProject
Project("{FAE04EC0-301F-11D3-BF4B-00C04F79EFBC}") = "NoteBunny.DAL.Json", "NoteBunny.DAL.Json\NoteBunny.DAL.Json.csproj", "{340EA75F-4F45-4E11-A99F-BBF2A8AB6571}"
EndProject
Project("{FAE04EC0-301F-11D3-BF4B-00C04F79EFBC}") = "NoteBunny.DAL.NHibernate", "NoteBunny.DAL.NHibernate\NoteBunny.DAL.NHibernate.csproj", "{F635665A-72CC-4AEB-ABBE-9A7213DEDC70}"
EndProject
Project("{FAE04EC0-301F-11D3-BF4B-00C04F79EFBC}") = "NoteBunny.Frontend.Wpf.DotNetSix", "NoteBunny.Frontend.Wpf.DotNetSix\NoteBunny.Frontend.Wpf.DotNetSix.csproj", "{AA12B308-1969-49CC-8B97-B10BA7A5C6FB}"
EndProject
Global
	GlobalSection(SolutionConfigurationPlatforms) = preSolution
		Debug|Any CPU = Debug|Any CPU
		Release|Any CPU = Release|Any CPU
	EndGlobalSection
	GlobalSection(ProjectConfigurationPlatforms) = postSolution
		{E7BE7919-C885-4234-924E-2DB7161A8402}.Debug|Any CPU.ActiveCfg = Debug|Any CPU
		{E7BE7919-C885-4234-924E-2DB7161A8402}.Debug|Any CPU.Build.0 = Debug|Any CPU
		{E7BE7919-C885-4234-924E-2DB7161A8402}.Release|Any CPU.ActiveCfg = Release|Any CPU
		{E7BE7919-C885-4234-924E-2DB7161A8402}.Release|Any CPU.Build.0 = Release|Any CPU
		{A8FB11E2-F5B5-4981-8A50-23BD4CEA025C}.Debug|Any CPU.ActiveCfg = Debug|Any CPU
		{A8FB11E2-F5B5-4981-8A50-23BD4CEA025C}.Debug|Any CPU.Build.0 = Debug|Any CPU
		{A8FB11E2-F5B5-4981-8A50-23BD4CEA025C}.Release|Any CPU.ActiveCfg = Release|Any CPU
		{A8FB11E2-F5B5-4981-8A50-23BD4CEA025C}.Release|Any CPU.Build.0 = Release|Any CPU
		{09B7C544-E493-482A-9E2A-C9BA8B055986}.Debug|Any CPU.ActiveCfg = Debug|Any CPU
		{09B7C544-E493-482A-9E2A-C9BA8B055986}.Debug|Any CPU.Build.0 = Debug|Any CPU
		{09B7C544-E493-482A-9E2A-C9BA8B055986}.Release|Any CPU.ActiveCfg = Release|Any CPU
		{09B7C544-E493-482A-9E2A-C9BA8B055986}.Release|Any CPU.Build.0 = Release|Any CPU
		{340EA75F-4F45-4E11-A99F-BBF2A8AB6571}.Debug|Any CPU.ActiveCfg = Debug|Any CPU
		{340EA75F-4F45-4E11-A99F-BBF2A8AB6571}.Debug|Any CPU.Build.0 = Debug|Any CPU
		{340EA75F-4F45-4E11-A99F-BBF2A8AB6571}.Release|Any CPU.ActiveCfg = Release|Any CPU
		{340EA75F-4F45-4E11-A99F-BBF2A8AB6571}.Release|Any CPU.Build.0 = Release|Any CPU
		{F635665A-72CC-4AEB-ABBE-9A7213DEDC70}.Debug|Any CPU.ActiveCfg = Debug|Any CPU
		{F635665A-72CC-4AEB-ABBE-9A7213DEDC70}.Debug|Any CPU.Build.0 = Debug|Any CPU
		{F635665A-72CC-4AEB-ABBE-9A7213DEDC70}.Release|Any CPU.ActiveCfg = Release|Any CPU
		{F635665A-72CC-4AEB-ABBE-9A7213DEDC70}.Release|Any CPU.Build.0 = Release|Any CPU
		{AA12B308-1969-49CC-8B97-B10BA7A5C6FB}.Debug|Any CPU.ActiveCfg = Debug|Any CPU
		{AA12B308-1969-49CC-8B97-B10BA7A5C6FB}.Debug|Any CPU.Build.0 = Debug|Any CPU
		{AA12B308-1969-49CC-8B97-B10BA7A5C6FB}.Release|Any CPU.ActiveCfg = Release|Any CPU
		{AA12B308-1969-49CC-8B97-B10BA7A5C6FB}.Release|Any CPU.Build.0 = Release|Any CPU
	EndGlobalSection
	GlobalSection(SolutionProperties) = preSolution
		HideSolutionNode = FALSE
	EndGlobalSection
	GlobalSection(ExtensibilityGlobals) = postSolution
		SolutionGuid = {663211C9-FCB8-4122-9FD1-74A360B865D2}
	EndGlobalSection
EndGlobal
